// !$*UTF8*$!
{
	archiveVersion = 1;
	classes = {
	};
	objectVersion = 46;
	objects = {

/* Begin PBXBuildFile section */
		383B4907200A4CC8008580F1 /* Koala.m in Sources */ = {isa = PBXBuildFile; fileRef = 383B4906200A4CC8008580F1 /* Koala.m */; };
		383B490A200A83A3008580F1 /* Animal+Exam.m in Sources */ = {isa = PBXBuildFile; fileRef = 383B4909200A83A3008580F1 /* Animal+Exam.m */; };
		383B490D200A83FE008580F1 /* Animal+Vet.m in Sources */ = {isa = PBXBuildFile; fileRef = 383B490C200A83FE008580F1 /* Animal+Vet.m */; };
		383B4911200AA8CF008580F1 /* Dog.m in Sources */ = {isa = PBXBuildFile; fileRef = 383B4910200AA8CF008580F1 /* Dog.m */; };
		38A7DAB2200223F90039924C /* main.m in Sources */ = {isa = PBXBuildFile; fileRef = 38A7DAB1200223F90039924C /* main.m */; };
		38C7544A200766B700C1C711 /* Animal.m in Sources */ = {isa = PBXBuildFile; fileRef = 38C75449200766B700C1C711 /* Animal.m */; };
/* End PBXBuildFile section */

/* Begin PBXCopyFilesBuildPhase section */
		38A7DAAC200223F90039924C /* CopyFiles */ = {
			isa = PBXCopyFilesBuildPhase;
			buildActionMask = 2147483647;
			dstPath = /usr/share/man/man1/;
			dstSubfolderSpec = 0;
			files = (
			);
			runOnlyForDeploymentPostprocessing = 1;
		};
/* End PBXCopyFilesBuildPhase section */

/* Begin PBXFileReference section */
		383B4905200A4CC8008580F1 /* Koala.h */ = {isa = PBXFileReference; fileEncoding = 4; lastKnownFileType = sourcecode.c.h; path = Koala.h; sourceTree = "<group>"; };
		383B4906200A4CC8008580F1 /* Koala.m */ = {isa = PBXFileReference; fileEncoding = 4; lastKnownFileType = sourcecode.c.objc; path = Koala.m; sourceTree = "<group>"; };
		383B4908200A83A3008580F1 /* Animal+Exam.h */ = {isa = PBXFileReference; fileEncoding = 4; lastKnownFileType = sourcecode.c.h; path = "Animal+Exam.h"; sourceTree = "<group>"; };
		383B4909200A83A3008580F1 /* Animal+Exam.m */ = {isa = PBXFileReference; fileEncoding = 4; lastKnownFileType = sourcecode.c.objc; path = "Animal+Exam.m"; sourceTree = "<group>"; };
		383B490B200A83FE008580F1 /* Animal+Vet.h */ = {isa = PBXFileReference; fileEncoding = 4; lastKnownFileType = sourcecode.c.h; path = "Animal+Vet.h"; sourceTree = "<group>"; };
		383B490C200A83FE008580F1 /* Animal+Vet.m */ = {isa = PBXFileReference; fileEncoding = 4; lastKnownFileType = sourcecode.c.objc; path = "Animal+Vet.m"; sourceTree = "<group>"; };
		383B490E200A8B5C008580F1 /* BeautyContest.h */ = {isa = PBXFileReference; fileEncoding = 4; lastKnownFileType = sourcecode.c.h; path = BeautyContest.h; sourceTree = "<group>"; };
		383B490F200AA8CF008580F1 /* Dog.h */ = {isa = PBXFileReference; fileEncoding = 4; lastKnownFileType = sourcecode.c.h; path = Dog.h; sourceTree = "<group>"; };
		383B4910200AA8CF008580F1 /* Dog.m */ = {isa = PBXFileReference; fileEncoding = 4; lastKnownFileType = sourcecode.c.objc; path = Dog.m; sourceTree = "<group>"; };
		38A7DAAE200223F90039924C /* ObjCTut2 */ = {isa = PBXFileReference; explicitFileType = "compiled.mach-o.executable"; includeInIndex = 0; path = ObjCTut2; sourceTree = BUILT_PRODUCTS_DIR; };
		38A7DAB1200223F90039924C /* main.m */ = {isa = PBXFileReference; lastKnownFileType = sourcecode.c.objc; path = main.m; sourceTree = "<group>"; };
		38C75448200766B700C1C711 /* Animal.h */ = {isa = PBXFileReference; fileEncoding = 4; lastKnownFileType = sourcecode.c.h; path = Animal.h; sourceTree = "<group>"; };
		38C75449200766B700C1C711 /* Animal.m */ = {isa = PBXFileReference; fileEncoding = 4; lastKnownFileType = sourcecode.c.objc; path = Animal.m; sourceTree = "<group>"; };
/* End PBXFileReference section */

/* Begin PBXFrameworksBuildPhase section */
		38A7DAAB200223F90039924C /* Frameworks */ = {
			isa = PBXFrameworksBuildPhase;
			buildActionMask = 2147483647;
			files = (
			);
			runOnlyForDeploymentPostprocessing = 0;
		};
/* End PBXFrameworksBuildPhase section */

/* Begin PBXGroup section */
		38A7DAA5200223F90039924C = {
			isa = PBXGroup;
			children = (
				38A7DAB0200223F90039924C /* ObjCTut2 */,
				38A7DAAF200223F90039924C /* Products */,
			);
			sourceTree = "<group>";
		};
		38A7DAAF200223F90039924C /* Products */ = {
			isa = PBXGroup;
			children = (
				38A7DAAE200223F90039924C /* ObjCTut2 */,
			);
			name = Products;
			sourceTree = "<group>";
		};
		38A7DAB0200223F90039924C /* ObjCTut2 */ = {
			isa = PBXGroup;
			children = (
				38A7DAB1200223F90039924C /* main.m */,
				38C75448200766B700C1C711 /* Animal.h */,
				38C75449200766B700C1C711 /* Animal.m */,
				383B4905200A4CC8008580F1 /* Koala.h */,
				383B4906200A4CC8008580F1 /* Koala.m */,
				383B4908200A83A3008580F1 /* Animal+Exam.h */,
				383B4909200A83A3008580F1 /* Animal+Exam.m */,
				383B490B200A83FE008580F1 /* Animal+Vet.h */,
				383B490C200A83FE008580F1 /* Animal+Vet.m */,
				383B490E200A8B5C008580F1 /* BeautyContest.h */,
				383B490F200AA8CF008580F1 /* Dog.h */,
				383B4910200AA8CF008580F1 /* Dog.m */,
			);
			path = ObjCTut2;
			sourceTree = "<group>";
		};
/* End PBXGroup section */

/* Begin PBXNativeTarget section */
		38A7DAAD200223F90039924C /* ObjCTut2 */ = {
			isa = PBXNativeTarget;
			buildConfigurationList = 38A7DAB5200223F90039924C /* Build configuration list for PBXNativeTarget "ObjCTut2" */;
			buildPhases = (
				38A7DAAA200223F90039924C /* Sources */,
				38A7DAAB200223F90039924C /* Frameworks */,
				38A7DAAC200223F90039924C /* CopyFiles */,
			);
			buildRules = (
			);
			dependencies = (
			);
			name = ObjCTut2;
			productName = ObjCTut2;
			productReference = 38A7DAAE200223F90039924C /* ObjCTut2 */;
			productType = "com.apple.product-type.tool";
		};
/* End PBXNativeTarget section */

/* Begin PBXProject section */
		38A7DAA6200223F90039924C /* Project object */ = {
			isa = PBXProject;
			attributes = {
				LastUpgradeCheck = 0800;
				ORGANIZATIONNAME = "Salim Djerbouh";
				TargetAttributes = {
					38A7DAAD200223F90039924C = {
						CreatedOnToolsVersion = 8.0;
						DevelopmentTeam = 6M9J4BMWG6;
						ProvisioningStyle = Automatic;
					};
				};
			};
			buildConfigurationList = 38A7DAA9200223F90039924C /* Build configuration list for PBXProject "ObjCTut2" */;
			compatibilityVersion = "Xcode 3.2";
			developmentRegion = English;
			hasScannedForEncodings = 0;
			knownRegions = (
				en,
			);
			mainGroup = 38A7DAA5200223F90039924C;
			productRefGroup = 38A7DAAF200223F90039924C /* Products */;
			projectDirPath = "";
			projectRoot = "";
			targets = (
				38A7DAAD200223F90039924C /* ObjCTut2 */,
			);
		};
/* End PBXProject section */

/* Begin PBXSourcesBuildPhase section */
		38A7DAAA200223F90039924C /* Sources */ = {
			isa = PBXSourcesBuildPhase;
			buildActionMask = 2147483647;
			files = (
				383B4911200AA8CF008580F1 /* Dog.m in Sources */,
				383B490A200A83A3008580F1 /* Animal+Exam.m in Sources */,
				383B490D200A83FE008580F1 /* Animal+Vet.m in Sources */,
				383B4907200A4CC8008580F1 /* Koala.m in Sources */,
				38A7DAB2200223F90039924C /* main.m in Sources */,
				38C7544A200766B700C1C711 /* Animal.m in Sources */,
			);
			runOnlyForDeploymentPostprocessing = 0;
		};
/* End PBXSourcesBuildPhase section */

/* Begin XCBuildConfiguration section */
		38A7DAB3200223F90039924C /* Debug */ = {
			isa = XCBuildConfiguration;
			buildSettings = {
				ALWAYS_SEARCH_USER_PATHS = NO;
				CLANG_ANALYZER_NONNULL = YES;
				CLANG_CXX_LANGUAGE_STANDARD = "gnu++0x";
				CLANG_CXX_LIBRARY = "libc++";
				CLANG_ENABLE_MODULES = YES;
				CLANG_ENABLE_OBJC_ARC = YES;
				CLANG_WARN_BOOL_CONVERSION = YES;
				CLANG_WARN_CONSTANT_CONVERSION = YES;
				CLANG_WARN_DIRECT_OBJC_ISA_USAGE = YES_ERROR;
				CLANG_WARN_DOCUMENTATION_COMMENTS = YES;
				CLANG_WARN_EMPTY_BODY = YES;
				CLANG_WARN_ENUM_CONVERSION = YES;
				CLANG_WARN_INFINITE_RECURSION = YES;
				CLANG_WARN_INT_CONVERSION = YES;
				CLANG_WARN_OBJC_ROOT_CLASS = YES_ERROR;
				CLANG_WARN_SUSPICIOUS_MOVES = YES;
				CLANG_WARN_UNREACHABLE_CODE = YES;
				CLANG_WARN__DUPLICATE_METHOD_MATCH = YES;
				CODE_SIGN_IDENTITY = "-";
				COPY_PHASE_STRIP = NO;
				DEBUG_INFORMATION_FORMAT = dwarf;
				ENABLE_STRICT_OBJC_MSGSEND = YES;
				ENABLE_TESTABILITY = YES;
				GCC_C_LANGUAGE_STANDARD = gnu99;
				GCC_DYNAMIC_NO_PIC = NO;
				GCC_NO_COMMON_BLOCKS = YES;
				GCC_OPTIMIZATION_LEVEL = 0;
				GCC_PREPROCESSOR_DEFINITIONS = (
					"DEBUG=1",
					"$(inherited)",
				);
				GCC_WARN_64_TO_32_BIT_CONVERSION = YES;
				GCC_WARN_ABOUT_RETURN_TYPE = YES_ERROR;
				GCC_WARN_UNDECLARED_SELECTOR = YES;
				GCC_WARN_UNINITIALIZED_AUTOS = YES_AGGRESSIVE;
				GCC_WARN_UNUSED_FUNCTION = YES;
				GCC_WARN_UNUSED_VARIABLE = YES;
				MACOSX_DEPLOYMENT_TARGET = 10.12;
				MTL_ENABLE_DEBUG_INFO = YES;
				ONLY_ACTIVE_ARCH = YES;
				SDKROOT = macosx;
			};
			name = Debug;
		};
		38A7DAB4200223F90039924C /* Release */ = {
			isa = XCBuildConfiguration;
			buildSettings = {
				ALWAYS_SEARCH_USER_PATHS = NO;
				CLANG_ANALYZER_NONNULL = YES;
				CLANG_CXX_LANGUAGE_STANDARD = "gnu++0x";
				CLANG_CXX_LIBRARY = "libc++";
				CLANG_ENABLE_MODULES = YES;
				CLANG_ENABLE_OBJC_ARC = YES;
				CLANG_WARN_BOOL_CONVERSION = YES;
				CLANG_WARN_CONSTANT_CONVERSION = YES;
				CLANG_WARN_DIRECT_OBJC_ISA_USAGE = YES_ERROR;
				CLANG_WARN_DOCUMENTATION_COMMENTS = YES;
				CLANG_WARN_EMPTY_BODY = YES;
				CLANG_WARN_ENUM_CONVERSION = YES;
				CLANG_WARN_INFINITE_RECURSION = YES;
				CLANG_WARN_INT_CONVERSION = YES;
				CLANG_WARN_OBJC_ROOT_CLASS = YES_ERROR;
				CLANG_WARN_SUSPICIOUS_MOVES = YES;
				CLANG_WARN_UNREACHABLE_CODE = YES;
				CLANG_WARN__DUPLICATE_METHOD_MATCH = YES;
				CODE_SIGN_IDENTITY = "-";
				COPY_PHASE_STRIP = NO;
				DEBUG_INFORMATION_FORMAT = "dwarf-with-dsym";
				ENABLE_NS_ASSERTIONS = NO;
				ENABLE_STRICT_OBJC_MSGSEND = YES;
				GCC_C_LANGUAGE_STANDARD = gnu99;
				GCC_NO_COMMON_BLOCKS = YES;
				GCC_WARN_64_TO_32_BIT_CONVERSION = YES;
				GCC_WARN_ABOUT_RETURN_TYPE = YES_ERROR;
				GCC_WARN_UNDECLARED_SELECTOR = YES;
				GCC_WARN_UNINITIALIZED_AUTOS = YES_AGGRESSIVE;
				GCC_WARN_UNUSED_FUNCTION = YES;
				GCC_WARN_UNUSED_VARIABLE = YES;
				MACOSX_DEPLOYMENT_TARGET = 10.12;
				MTL_ENABLE_DEBUG_INFO = NO;
				SDKROOT = macosx;
			};
			name = Release;
		};
		38A7DAB6200223F90039924C /* Debug */ = {
			isa = XCBuildConfiguration;
			buildSettings = {
				DEVELOPMENT_TEAM = 6M9J4BMWG6;
				PRODUCT_NAME = "$(TARGET_NAME)";
			};
			name = Debug;
		};
		38A7DAB7200223F90039924C /* Release */ = {
			isa = XCBuildConfiguration;
			buildSettings = {
				DEVELOPMENT_TEAM = 6M9J4BMWG6;
				PRODUCT_NAME = "$(TARGET_NAME)";
			};
			name = Release;
		};
/* End XCBuildConfiguration section */

/* Begin XCConfigurationList section */
		38A7DAA9200223F90039924C /* Build configuration list for PBXProject "ObjCTut2" */ = {
			isa = XCConfigurationList;
			buildConfigurations = (
				38A7DAB3200223F90039924C /* Debug */,
				38A7DAB4200223F90039924C /* Release */,
			);
			defaultConfigurationIsVisible = 0;
			defaultConfigurationName = Release;
		};
		38A7DAB5200223F90039924C /* Build configuration list for PBXNativeTarget "ObjCTut2" */ = {
			isa = XCConfigurationList;
			buildConfigurations = (
				38A7DAB6200223F90039924C /* Debug */,
				38A7DAB7200223F90039924C /* Release */,
			);
			defaultConfigurationIsVisible = 0;
			defaultConfigurationName = Release;
		};
/* End XCConfigurationList section */
	};
	rootObject = 38A7DAA6200223F90039924C /* Project object */;
}
